
Microsoft Visual Studio Solution File, Format Version 12.00
# Visual Studio Version 17
VisualStudioVersion = 17.10.35201.131
MinimumVisualStudioVersion = 10.0.40219.1
Project("{9A19103F-16F7-4668-BE54-9A1E7A4F7556}") = "TangibleReminder", "TangibleReminder\TangibleReminder.csproj", "{760587C6-1494-4E1E-A767-BC85F59A356C}"
EndProject
Global
	GlobalSection(SolutionConfigurationPlatforms) = preSolution
		Debug|Any CPU = Debug|Any CPU
		Release|Any CPU = Release|Any CPU
	EndGlobalSection
	GlobalSection(ProjectConfigurationPlatforms) = postSolution
		{760587C6-1494-4E1E-A767-BC85F59A356C}.Debug|Any CPU.ActiveCfg = Release|Any CPU
		{760587C6-1494-4E1E-A767-BC85F59A356C}.Debug|Any CPU.Build.0 = Release|Any CPU
		{760587C6-1494-4E1E-A767-BC85F59A356C}.Debug|Any CPU.Deploy.0 = Release|Any CPU
		{760587C6-1494-4E1E-A767-BC85F59A356C}.Release|Any CPU.ActiveCfg = Release|Any CPU
		{760587C6-1494-4E1E-A767-BC85F59A356C}.Release|Any CPU.Build.0 = Release|Any CPU
	EndGlobalSection
	GlobalSection(SolutionProperties) = preSolution
		HideSolutionNode = FALSE
	EndGlobalSection
	GlobalSection(ExtensibilityGlobals) = postSolution
		SolutionGuid = {F1BFBA4B-FCC4-4461-B53B-AB6E1EB3303D}
	EndGlobalSection
EndGlobal
